<?xml version="1.0" encoding="utf-8"?>
<Project ToolsVersion="4.0" xmlns="http://schemas.microsoft.com/developer/msbuild/2003">
  <ItemGroup>
    <Filter Include="头文件">
      <UniqueIdentifier>{a8e90458-8b67-4f43-bc5f-309636e81bcf}</UniqueIdentifier>
    </Filter>
    <Filter Include="源文件">
      <UniqueIdentifier>{82dad844-a636-4adc-a26f-2c0eb90bb58c}</UniqueIdentifier>
    </Filter>
  </ItemGroup>
  <ItemGroup>
    <ClInclude Include="..\..\include\marketapi\CtpFutureTradeApi.h">
      <Filter>头文件</Filter>
    </ClInclude>
    <ClInclude Include="..\..\include\marketapi\MarketTradeApiFactory.h">
      <Filter>头文件</Filter>
    </ClInclude>
    <ClInclude Include="..\..\include\marketapi\MarketTradeApi.h">
      <Filter>头文件</Filter>
    </ClInclude>
    <ClInclude Include="..\..\include\marketapi\MarketDefine.h" />
  </ItemGroup>
  <ItemGroup>
    <ClCompile Include="MarketTradeApiFactory.cpp">
      <Filter>源文件</Filter>
    </ClCompile>
    <ClCompile Include="CtpFutureTradeApi.cpp">
      <Filter>源文件</Filter>
    </ClCompile>
    <ClCompile Include="MarketTradeApi.cpp">
      <Filter>源文件</Filter>
    </ClCompile>
  </ItemGroup>
</Project>